// !$*UTF8*$!
{
	archiveVersion = 1;
	classes = {
	};
	objectVersion = 56;
	objects = {

/* Begin PBXBuildFile section */
		3800AC052B6AE23300114DC2 /* bookWormCoreApp.swift in Sources */ = {isa = PBXBuildFile; fileRef = 3800AC042B6AE23300114DC2 /* bookWormCoreApp.swift */; };
		3800AC072B6AE23300114DC2 /* ContentView.swift in Sources */ = {isa = PBXBuildFile; fileRef = 3800AC062B6AE23300114DC2 /* ContentView.swift */; };
		3800AC092B6AE23D00114DC2 /* Assets.xcassets in Resources */ = {isa = PBXBuildFile; fileRef = 3800AC082B6AE23D00114DC2 /* Assets.xcassets */; };
		3800AC0C2B6AE23D00114DC2 /* Preview Assets.xcassets in Resources */ = {isa = PBXBuildFile; fileRef = 3800AC0B2B6AE23D00114DC2 /* Preview Assets.xcassets */; };
		3800AC132B6AE27B00114DC2 /* DataController.swift in Sources */ = {isa = PBXBuildFile; fileRef = 3800AC122B6AE27B00114DC2 /* DataController.swift */; };
		3800AC162B6AE2C700114DC2 /* bookWormCore.xcdatamodeld in Sources */ = {isa = PBXBuildFile; fileRef = 3800AC142B6AE2C700114DC2 /* bookWormCore.xcdatamodeld */; };
		3800AC182B6AE4B600114DC2 /* AddBookView.swift in Sources */ = {isa = PBXBuildFile; fileRef = 3800AC172B6AE4B600114DC2 /* AddBookView.swift */; };
		3800AC1A2B6AF2B500114DC2 /* RatingView.swift in Sources */ = {isa = PBXBuildFile; fileRef = 3800AC192B6AF2B500114DC2 /* RatingView.swift */; };
		3800AC1C2B6AF67E00114DC2 /* EmojiRatingView.swift in Sources */ = {isa = PBXBuildFile; fileRef = 3800AC1B2B6AF67E00114DC2 /* EmojiRatingView.swift */; };
		3800AC1E2B6B00BB00114DC2 /* DetailView.swift in Sources */ = {isa = PBXBuildFile; fileRef = 3800AC1D2B6B00BB00114DC2 /* DetailView.swift */; };
/* End PBXBuildFile section */

/* Begin PBXFileReference section */
		3800AC012B6AE23300114DC2 /* bookWormCore.app */ = {isa = PBXFileReference; explicitFileType = wrapper.application; includeInIndex = 0; path = bookWormCore.app; sourceTree = BUILT_PRODUCTS_DIR; };
		3800AC042B6AE23300114DC2 /* bookWormCoreApp.swift */ = {isa = PBXFileReference; lastKnownFileType = sourcecode.swift; path = bookWormCoreApp.swift; sourceTree = "<group>"; };
		3800AC062B6AE23300114DC2 /* ContentView.swift */ = {isa = PBXFileReference; lastKnownFileType = sourcecode.swift; path = ContentView.swift; sourceTree = "<group>"; };
		3800AC082B6AE23D00114DC2 /* Assets.xcassets */ = {isa = PBXFileReference; lastKnownFileType = folder.assetcatalog; path = Assets.xcassets; sourceTree = "<group>"; };
		3800AC0B2B6AE23D00114DC2 /* Preview Assets.xcassets */ = {isa = PBXFileReference; lastKnownFileType = folder.assetcatalog; path = "Preview Assets.xcassets"; sourceTree = "<group>"; };
		3800AC122B6AE27B00114DC2 /* DataController.swift */ = {isa = PBXFileReference; lastKnownFileType = sourcecode.swift; path = DataController.swift; sourceTree = "<group>"; };
		3800AC152B6AE2C700114DC2 /* bookWormCore.xcdatamodel */ = {isa = PBXFileReference; lastKnownFileType = wrapper.xcdatamodel; path = bookWormCore.xcdatamodel; sourceTree = "<group>"; };
		3800AC172B6AE4B600114DC2 /* AddBookView.swift */ = {isa = PBXFileReference; lastKnownFileType = sourcecode.swift; path = AddBookView.swift; sourceTree = "<group>"; };
		3800AC192B6AF2B500114DC2 /* RatingView.swift */ = {isa = PBXFileReference; lastKnownFileType = sourcecode.swift; path = RatingView.swift; sourceTree = "<group>"; };
		3800AC1B2B6AF67E00114DC2 /* EmojiRatingView.swift */ = {isa = PBXFileReference; lastKnownFileType = sourcecode.swift; path = EmojiRatingView.swift; sourceTree = "<group>"; };
		3800AC1D2B6B00BB00114DC2 /* DetailView.swift */ = {isa = PBXFileReference; lastKnownFileType = sourcecode.swift; path = DetailView.swift; sourceTree = "<group>"; };
/* End PBXFileReference section */

/* Begin PBXFrameworksBuildPhase section */
		3800ABFE2B6AE23300114DC2 /* Frameworks */ = {
			isa = PBXFrameworksBuildPhase;
			buildActionMask = 2147483647;
			files = (
			);
			runOnlyForDeploymentPostprocessing = 0;
		};
/* End PBXFrameworksBuildPhase section */

/* Begin PBXGroup section */
		3800ABF82B6AE23300114DC2 = {
			isa = PBXGroup;
			children = (
				3800AC032B6AE23300114DC2 /* bookWormCore */,
				3800AC022B6AE23300114DC2 /* Products */,
			);
			sourceTree = "<group>";
		};
		3800AC022B6AE23300114DC2 /* Products */ = {
			isa = PBXGroup;
			children = (
				3800AC012B6AE23300114DC2 /* bookWormCore.app */,
			);
			name = Products;
			sourceTree = "<group>";
		};
		3800AC032B6AE23300114DC2 /* bookWormCore */ = {
			isa = PBXGroup;
			children = (
				3800AC042B6AE23300114DC2 /* bookWormCoreApp.swift */,
				3800AC062B6AE23300114DC2 /* ContentView.swift */,
				3800AC172B6AE4B600114DC2 /* AddBookView.swift */,
				3800AC1D2B6B00BB00114DC2 /* DetailView.swift */,
				3800AC192B6AF2B500114DC2 /* RatingView.swift */,
				3800AC1B2B6AF67E00114DC2 /* EmojiRatingView.swift */,
				3800AC142B6AE2C700114DC2 /* bookWormCore.xcdatamodeld */,
				3800AC122B6AE27B00114DC2 /* DataController.swift */,
				3800AC082B6AE23D00114DC2 /* Assets.xcassets */,
				3800AC0A2B6AE23D00114DC2 /* Preview Content */,
			);
			path = bookWormCore;
			sourceTree = "<group>";
		};
		3800AC0A2B6AE23D00114DC2 /* Preview Content */ = {
			isa = PBXGroup;
			children = (
				3800AC0B2B6AE23D00114DC2 /* Preview Assets.xcassets */,
			);
			path = "Preview Content";
			sourceTree = "<group>";
		};
/* End PBXGroup section */

/* Begin PBXNativeTarget section */
		3800AC002B6AE23300114DC2 /* bookWormCore */ = {
			isa = PBXNativeTarget;
			buildConfigurationList = 3800AC0F2B6AE23D00114DC2 /* Build configuration list for PBXNativeTarget "bookWormCore" */;
			buildPhases = (
				3800ABFD2B6AE23300114DC2 /* Sources */,
				3800ABFE2B6AE23300114DC2 /* Frameworks */,
				3800ABFF2B6AE23300114DC2 /* Resources */,
			);
			buildRules = (
			);
			dependencies = (
			);
			name = bookWormCore;
			productName = bookWormCore;
			productReference = 3800AC012B6AE23300114DC2 /* bookWormCore.app */;
			productType = "com.apple.product-type.application";
		};
/* End PBXNativeTarget section */

/* Begin PBXProject section */
		3800ABF92B6AE23300114DC2 /* Project object */ = {
			isa = PBXProject;
			attributes = {
				BuildIndependentTargetsInParallel = 1;
				LastSwiftUpdateCheck = 1510;
				LastUpgradeCheck = 1510;
				TargetAttributes = {
					3800AC002B6AE23300114DC2 = {
						CreatedOnToolsVersion = 15.1;
					};
				};
			};
			buildConfigurationList = 3800ABFC2B6AE23300114DC2 /* Build configuration list for PBXProject "bookWormCore" */;
			compatibilityVersion = "Xcode 14.0";
			developmentRegion = en;
			hasScannedForEncodings = 0;
			knownRegions = (
				en,
				Base,
			);
			mainGroup = 3800ABF82B6AE23300114DC2;
			productRefGroup = 3800AC022B6AE23300114DC2 /* Products */;
			projectDirPath = "";
			projectRoot = "";
			targets = (
				3800AC002B6AE23300114DC2 /* bookWormCore */,
			);
		};
/* End PBXProject section */

/* Begin PBXResourcesBuildPhase section */
		3800ABFF2B6AE23300114DC2 /* Resources */ = {
			isa = PBXResourcesBuildPhase;
			buildActionMask = 2147483647;
			files = (
				3800AC0C2B6AE23D00114DC2 /* Preview Assets.xcassets in Resources */,
				3800AC092B6AE23D00114DC2 /* Assets.xcassets in Resources */,
			);
			runOnlyForDeploymentPostprocessing = 0;
		};
/* End PBXResourcesBuildPhase section */

/* Begin PBXSourcesBuildPhase section */
		3800ABFD2B6AE23300114DC2 /* Sources */ = {
			isa = PBXSourcesBuildPhase;
			buildActionMask = 2147483647;
			files = (
				3800AC072B6AE23300114DC2 /* ContentView.swift in Sources */,
				3800AC1E2B6B00BB00114DC2 /* DetailView.swift in Sources */,
				3800AC132B6AE27B00114DC2 /* DataController.swift in Sources */,
				3800AC1C2B6AF67E00114DC2 /* EmojiRatingView.swift in Sources */,
				3800AC162B6AE2C700114DC2 /* bookWormCore.xcdatamodeld in Sources */,
				3800AC1A2B6AF2B500114DC2 /* RatingView.swift in Sources */,
				3800AC052B6AE23300114DC2 /* bookWormCoreApp.swift in Sources */,
				3800AC182B6AE4B600114DC2 /* AddBookView.swift in Sources */,
			);
			runOnlyForDeploymentPostprocessing = 0;
		};
/* End PBXSourcesBuildPhase section */

/* Begin XCBuildConfiguration section */
		3800AC0D2B6AE23D00114DC2 /* Debug */ = {
			isa = XCBuildConfiguration;
			buildSettings = {
				ALWAYS_SEARCH_USER_PATHS = NO;
				ASSETCATALOG_COMPILER_GENERATE_SWIFT_ASSET_SYMBOL_EXTENSIONS = YES;
				CLANG_ANALYZER_NONNULL = YES;
				CLANG_ANALYZER_NUMBER_OBJECT_CONVERSION = YES_AGGRESSIVE;
				CLANG_CXX_LANGUAGE_STANDARD = "gnu++20";
				CLANG_ENABLE_MODULES = YES;
				CLANG_ENABLE_OBJC_ARC = YES;
				CLANG_ENABLE_OBJC_WEAK = YES;
				CLANG_WARN_BLOCK_CAPTURE_AUTORELEASING = YES;
				CLANG_WARN_BOOL_CONVERSION = YES;
				CLANG_WARN_COMMA = YES;
				CLANG_WARN_CONSTANT_CONVERSION = YES;
				CLANG_WARN_DEPRECATED_OBJC_IMPLEMENTATIONS = YES;
				CLANG_WARN_DIRECT_OBJC_ISA_USAGE = YES_ERROR;
				CLANG_WARN_DOCUMENTATION_COMMENTS = YES;
				CLANG_WARN_EMPTY_BODY = YES;
				CLANG_WARN_ENUM_CONVERSION = YES;
				CLANG_WARN_INFINITE_RECURSION = YES;
				CLANG_WARN_INT_CONVERSION = YES;
				CLANG_WARN_NON_LITERAL_NULL_CONVERSION = YES;
				CLANG_WARN_OBJC_IMPLICIT_RETAIN_SELF = YES;
				CLANG_WARN_OBJC_LITERAL_CONVERSION = YES;
				CLANG_WARN_OBJC_ROOT_CLASS = YES_ERROR;
				CLANG_WARN_QUOTED_INCLUDE_IN_FRAMEWORK_HEADER = YES;
				CLANG_WARN_RANGE_LOOP_ANALYSIS = YES;
				CLANG_WARN_STRICT_PROTOTYPES = YES;
				CLANG_WARN_SUSPICIOUS_MOVE = YES;
				CLANG_WARN_UNGUARDED_AVAILABILITY = YES_AGGRESSIVE;
				CLANG_WARN_UNREACHABLE_CODE = YES;
				CLANG_WARN__DUPLICATE_METHOD_MATCH = YES;
				COPY_PHASE_STRIP = NO;
				DEBUG_INFORMATION_FORMAT = dwarf;
				ENABLE_STRICT_OBJC_MSGSEND = YES;
				ENABLE_TESTABILITY = YES;
				ENABLE_USER_SCRIPT_SANDBOXING = YES;
				GCC_C_LANGUAGE_STANDARD = gnu17;
				GCC_DYNAMIC_NO_PIC = NO;
				GCC_NO_COMMON_BLOCKS = YES;
				GCC_OPTIMIZATION_LEVEL = 0;
				GCC_PREPROCESSOR_DEFINITIONS = (
					"DEBUG=1",
					"$(inherited)",
				);
				GCC_WARN_64_TO_32_BIT_CONVERSION = YES;
				GCC_WARN_ABOUT_RETURN_TYPE = YES_ERROR;
				GCC_WARN_UNDECLARED_SELECTOR = YES;
				GCC_WARN_UNINITIALIZED_AUTOS = YES_AGGRESSIVE;
				GCC_WARN_UNUSED_FUNCTION = YES;
				GCC_WARN_UNUSED_VARIABLE = YES;
				IPHONEOS_DEPLOYMENT_TARGET = 17.2;
				LOCALIZATION_PREFERS_STRING_CATALOGS = YES;
				MTL_ENABLE_DEBUG_INFO = INCLUDE_SOURCE;
				MTL_FAST_MATH = YES;
				ONLY_ACTIVE_ARCH = YES;
				SDKROOT = iphoneos;
				SWIFT_ACTIVE_COMPILATION_CONDITIONS = "DEBUG $(inherited)";
				SWIFT_OPTIMIZATION_LEVEL = "-Onone";
			};
			name = Debug;
		};
		3800AC0E2B6AE23D00114DC2 /* Release */ = {
			isa = XCBuildConfiguration;
			buildSettings = {
				ALWAYS_SEARCH_USER_PATHS = NO;
				ASSETCATALOG_COMPILER_GENERATE_SWIFT_ASSET_SYMBOL_EXTENSIONS = YES;
				CLANG_ANALYZER_NONNULL = YES;
				CLANG_ANALYZER_NUMBER_OBJECT_CONVERSION = YES_AGGRESSIVE;
				CLANG_CXX_LANGUAGE_STANDARD = "gnu++20";
				CLANG_ENABLE_MODULES = YES;
				CLANG_ENABLE_OBJC_ARC = YES;
				CLANG_ENABLE_OBJC_WEAK = YES;
				CLANG_WARN_BLOCK_CAPTURE_AUTORELEASING = YES;
				CLANG_WARN_BOOL_CONVERSION = YES;
				CLANG_WARN_COMMA = YES;
				CLANG_WARN_CONSTANT_CONVERSION = YES;
				CLANG_WARN_DEPRECATED_OBJC_IMPLEMENTATIONS = YES;
				CLANG_WARN_DIRECT_OBJC_ISA_USAGE = YES_ERROR;
				CLANG_WARN_DOCUMENTATION_COMMENTS = YES;
				CLANG_WARN_EMPTY_BODY = YES;
				CLANG_WARN_ENUM_CONVERSION = YES;
				CLANG_WARN_INFINITE_RECURSION = YES;
				CLANG_WARN_INT_CONVERSION = YES;
				CLANG_WARN_NON_LITERAL_NULL_CONVERSION = YES;
				CLANG_WARN_OBJC_IMPLICIT_RETAIN_SELF = YES;
				CLANG_WARN_OBJC_LITERAL_CONVERSION = YES;
				CLANG_WARN_OBJC_ROOT_CLASS = YES_ERROR;
				CLANG_WARN_QUOTED_INCLUDE_IN_FRAMEWORK_HEADER = YES;
				CLANG_WARN_RANGE_LOOP_ANALYSIS = YES;
				CLANG_WARN_STRICT_PROTOTYPES = YES;
				CLANG_WARN_SUSPICIOUS_MOVE = YES;
				CLANG_WARN_UNGUARDED_AVAILABILITY = YES_AGGRESSIVE;
				CLANG_WARN_UNREACHABLE_CODE = YES;
				CLANG_WARN__DUPLICATE_METHOD_MATCH = YES;
				COPY_PHASE_STRIP = NO;
				DEBUG_INFORMATION_FORMAT = "dwarf-with-dsym";
				ENABLE_NS_ASSERTIONS = NO;
				ENABLE_STRICT_OBJC_MSGSEND = YES;
				ENABLE_USER_SCRIPT_SANDBOXING = YES;
				GCC_C_LANGUAGE_STANDARD = gnu17;
				GCC_NO_COMMON_BLOCKS = YES;
				GCC_WARN_64_TO_32_BIT_CONVERSION = YES;
				GCC_WARN_ABOUT_RETURN_TYPE = YES_ERROR;
				GCC_WARN_UNDECLARED_SELECTOR = YES;
				GCC_WARN_UNINITIALIZED_AUTOS = YES_AGGRESSIVE;
				GCC_WARN_UNUSED_FUNCTION = YES;
				GCC_WARN_UNUSED_VARIABLE = YES;
				IPHONEOS_DEPLOYMENT_TARGET = 17.2;
				LOCALIZATION_PREFERS_STRING_CATALOGS = YES;
				MTL_ENABLE_DEBUG_INFO = NO;
				MTL_FAST_MATH = YES;
				SDKROOT = iphoneos;
				SWIFT_COMPILATION_MODE = wholemodule;
				VALIDATE_PRODUCT = YES;
			};
			name = Release;
		};
		3800AC102B6AE23D00114DC2 /* Debug */ = {
			isa = XCBuildConfiguration;
			buildSettings = {
				ASSETCATALOG_COMPILER_APPICON_NAME = AppIcon;
				ASSETCATALOG_COMPILER_GLOBAL_ACCENT_COLOR_NAME = AccentColor;
				CODE_SIGN_STYLE = Automatic;
				CURRENT_PROJECT_VERSION = 1;
				DEVELOPMENT_ASSET_PATHS = "\"bookWormCore/Preview Content\"";
				ENABLE_PREVIEWS = YES;
				GENERATE_INFOPLIST_FILE = YES;
				INFOPLIST_KEY_UIApplicationSceneManifest_Generation = YES;
				INFOPLIST_KEY_UIApplicationSupportsIndirectInputEvents = YES;
				INFOPLIST_KEY_UILaunchScreen_Generation = YES;
				INFOPLIST_KEY_UISupportedInterfaceOrientations_iPad = "UIInterfaceOrientationPortrait UIInterfaceOrientationPortraitUpsideDown UIInterfaceOrientationLandscapeLeft UIInterfaceOrientationLandscapeRight";
				INFOPLIST_KEY_UISupportedInterfaceOrientations_iPhone = "UIInterfaceOrientationPortrait UIInterfaceOrientationLandscapeLeft UIInterfaceOrientationLandscapeRight";
				LD_RUNPATH_SEARCH_PATHS = (
					"$(inherited)",
					"@executable_path/Frameworks",
				);
				MARKETING_VERSION = 1.0;
				PRODUCT_BUNDLE_IDENTIFIER = com.alfredo.bookWormCore;
				PRODUCT_NAME = "$(TARGET_NAME)";
				SWIFT_EMIT_LOC_STRINGS = YES;
				SWIFT_VERSION = 5.0;
				TARGETED_DEVICE_FAMILY = "1,2";
			};
			name = Debug;
		};
		3800AC112B6AE23D00114DC2 /* Release */ = {
			isa = XCBuildConfiguration;
			buildSettings = {
				ASSETCATALOG_COMPILER_APPICON_NAME = AppIcon;
				ASSETCATALOG_COMPILER_GLOBAL_ACCENT_COLOR_NAME = AccentColor;
				CODE_SIGN_STYLE = Automatic;
				CURRENT_PROJECT_VERSION = 1;
				DEVELOPMENT_ASSET_PATHS = "\"bookWormCore/Preview Content\"";
				ENABLE_PREVIEWS = YES;
				GENERATE_INFOPLIST_FILE = YES;
				INFOPLIST_KEY_UIApplicationSceneManifest_Generation = YES;
				INFOPLIST_KEY_UIApplicationSupportsIndirectInputEvents = YES;
				INFOPLIST_KEY_UILaunchScreen_Generation = YES;
				INFOPLIST_KEY_UISupportedInterfaceOrientations_iPad = "UIInterfaceOrientationPortrait UIInterfaceOrientationPortraitUpsideDown UIInterfaceOrientationLandscapeLeft UIInterfaceOrientationLandscapeRight";
				INFOPLIST_KEY_UISupportedInterfaceOrientations_iPhone = "UIInterfaceOrientationPortrait UIInterfaceOrientationLandscapeLeft UIInterfaceOrientationLandscapeRight";
				LD_RUNPATH_SEARCH_PATHS = (
					"$(inherited)",
					"@executable_path/Frameworks",
				);
				MARKETING_VERSION = 1.0;
				PRODUCT_BUNDLE_IDENTIFIER = com.alfredo.bookWormCore;
				PRODUCT_NAME = "$(TARGET_NAME)";
				SWIFT_EMIT_LOC_STRINGS = YES;
				SWIFT_VERSION = 5.0;
				TARGETED_DEVICE_FAMILY = "1,2";
			};
			name = Release;
		};
/* End XCBuildConfiguration section */

/* Begin XCConfigurationList section */
		3800ABFC2B6AE23300114DC2 /* Build configuration list for PBXProject "bookWormCore" */ = {
			isa = XCConfigurationList;
			buildConfigurations = (
				3800AC0D2B6AE23D00114DC2 /* Debug */,
				3800AC0E2B6AE23D00114DC2 /* Release */,
			);
			defaultConfigurationIsVisible = 0;
			defaultConfigurationName = Release;
		};
		3800AC0F2B6AE23D00114DC2 /* Build configuration list for PBXNativeTarget "bookWormCore" */ = {
			isa = XCConfigurationList;
			buildConfigurations = (
				3800AC102B6AE23D00114DC2 /* Debug */,
				3800AC112B6AE23D00114DC2 /* Release */,
			);
			defaultConfigurationIsVisible = 0;
			defaultConfigurationName = Release;
		};
/* End XCConfigurationList section */

/* Begin XCVersionGroup section */
		3800AC142B6AE2C700114DC2 /* bookWormCore.xcdatamodeld */ = {
			isa = XCVersionGroup;
			children = (
				3800AC152B6AE2C700114DC2 /* bookWormCore.xcdatamodel */,
			);
			currentVersion = 3800AC152B6AE2C700114DC2 /* bookWormCore.xcdatamodel */;
			path = bookWormCore.xcdatamodeld;
			sourceTree = "<group>";
			versionGroupType = wrapper.xcdatamodel;
		};
/* End XCVersionGroup section */
	};
	rootObject = 3800ABF92B6AE23300114DC2 /* Project object */;
}
